
Microsoft Visual Studio Solution File, Format Version 12.00
# Visual Studio Version 16
VisualStudioVersion = 25.0.1706.14
MinimumVisualStudioVersion = 10.0.40219.1
Project("{FAE04EC0-301F-11D3-BF4B-00C04F79EFBC}") = "Practice3", "Practice3\Practice3.csproj", "{8A734036-D465-4CE9-9E61-F73ED1BF23A2}"
EndProject
Global
	GlobalSection(SolutionConfigurationPlatforms) = preSolution
		Debug|Any CPU = Debug|Any CPU
		Release|Any CPU = Release|Any CPU
	EndGlobalSection
	GlobalSection(ProjectConfigurationPlatforms) = postSolution
		{8A734036-D465-4CE9-9E61-F73ED1BF23A2}.Debug|Any CPU.ActiveCfg = Debug|Any CPU
		{8A734036-D465-4CE9-9E61-F73ED1BF23A2}.Debug|Any CPU.Build.0 = Debug|Any CPU
		{8A734036-D465-4CE9-9E61-F73ED1BF23A2}.Release|Any CPU.ActiveCfg = Release|Any CPU
		{8A734036-D465-4CE9-9E61-F73ED1BF23A2}.Release|Any CPU.Build.0 = Release|Any CPU
	EndGlobalSection
	GlobalSection(SolutionProperties) = preSolution
		HideSolutionNode = FALSE
	EndGlobalSection
	GlobalSection(ExtensibilityGlobals) = postSolution
		SolutionGuid = {B26AAD95-7D3F-4A74-AB94-A3EDC1DFDF97}
	EndGlobalSection
EndGlobal
